
Microsoft Visual Studio Solution File, Format Version 12.00
# Visual Studio Version 16
VisualStudioVersion = 16.0.29215.179
MinimumVisualStudioVersion = 10.0.40219.1
Project("{8BC9CEB8-8B4A-11D0-8D11-00A0C91BC942}") = "mersenne-4", "mersenne-4.vcxproj", "{A876FDA7-1B66-44E3-AD4A-76068531EA18}"
EndProject
Global
	GlobalSection(SolutionConfigurationPlatforms) = preSolution
		Debug|x64 = Debug|x64
		Debug|x86 = Debug|x86
		Release|x64 = Release|x64
		Release|x86 = Release|x86
	EndGlobalSection
	GlobalSection(ProjectConfigurationPlatforms) = postSolution
		{A876FDA7-1B66-44E3-AD4A-76068531EA18}.Debug|x64.ActiveCfg = Debug|x64
		{A876FDA7-1B66-44E3-AD4A-76068531EA18}.Debug|x64.Build.0 = Debug|x64
		{A876FDA7-1B66-44E3-AD4A-76068531EA18}.Debug|x86.ActiveCfg = Debug|Win32
		{A876FDA7-1B66-44E3-AD4A-76068531EA18}.Debug|x86.Build.0 = Debug|Win32
		{A876FDA7-1B66-44E3-AD4A-76068531EA18}.Release|x64.ActiveCfg = Release|x64
		{A876FDA7-1B66-44E3-AD4A-76068531EA18}.Release|x64.Build.0 = Release|x64
		{A876FDA7-1B66-44E3-AD4A-76068531EA18}.Release|x86.ActiveCfg = Release|Win32
		{A876FDA7-1B66-44E3-AD4A-76068531EA18}.Release|x86.Build.0 = Release|Win32
	EndGlobalSection
	GlobalSection(SolutionProperties) = preSolution
		HideSolutionNode = FALSE
	EndGlobalSection
	GlobalSection(ExtensibilityGlobals) = postSolution
		SolutionGuid = {6638C495-BA4C-4C51-93FD-CF83081A8BB5}
	EndGlobalSection
EndGlobal
